
Microsoft Visual Studio Solution File, Format Version 12.00
# Visual Studio Version 16
VisualStudioVersion = 16.0.29503.13
MinimumVisualStudioVersion = 10.0.40219.1
Project("{2150E333-8FDC-42A3-9474-1A3956D46DE8}") = "ApplicationLayer", "ApplicationLayer", "{09D0E130-A498-4D5C-BD53-076932510B53}"
EndProject
Project("{2150E333-8FDC-42A3-9474-1A3956D46DE8}") = "BusinessLayer", "BusinessLayer", "{CA93EC07-3657-42E2-A6A7-45EA67BAF277}"
EndProject
Project("{2150E333-8FDC-42A3-9474-1A3956D46DE8}") = "DataLayer", "DataLayer", "{FFD19FF5-4337-4797-AACE-5992DDD13FE6}"
EndProject
Project("{2150E333-8FDC-42A3-9474-1A3956D46DE8}") = "InfrastructureLayer", "InfrastructureLayer", "{535C7D88-9BA1-43C1-967E-5CEBD43E45D9}"
EndProject
Project("{2150E333-8FDC-42A3-9474-1A3956D46DE8}") = "PresentationLayer", "PresentationLayer", "{F03F97C8-D970-4274-8407-631E5E198316}"
EndProject
Project("{2150E333-8FDC-42A3-9474-1A3956D46DE8}") = "ServiceLayer", "ServiceLayer", "{4944D964-A037-4288-B216-DED526B1F837}"
EndProject
Project("{2150E333-8FDC-42A3-9474-1A3956D46DE8}") = "UnitTests", "UnitTests", "{9639D44D-2029-46C0-A482-626D9984B87F}"
EndProject
Project("{9A19103F-16F7-4668-BE54-9A1E7A4F7556}") = "Application", "ApplicationLayer\Application\Application.csproj", "{E7CF3A99-F077-45FE-9BEB-ECB063ACF70A}"
EndProject
Project("{9A19103F-16F7-4668-BE54-9A1E7A4F7556}") = "Business", "BusinessLayer\Business\Business.csproj", "{9D720D7C-9C26-43F3-85A4-3086F823F4F9}"
EndProject
Project("{9A19103F-16F7-4668-BE54-9A1E7A4F7556}") = "Data.AccessObjects", "DataLayer\DataAccessObjects\Data.AccessObjects.csproj", "{DFA1078B-4937-44F3-A4F7-B1E6EB6F2D7E}"
EndProject
Project("{9A19103F-16F7-4668-BE54-9A1E7A4F7556}") = "CrossCutting", "InfrastructureLayer\CrossCutting\CrossCutting.csproj", "{68167CC6-2FB5-4186-A4D7-D9F60AB2B68A}"
EndProject
Project("{9A19103F-16F7-4668-BE54-9A1E7A4F7556}") = "CrossCutting.Helpers", "InfrastructureLayer\CrossCutting.Helpers\CrossCutting.Helpers.csproj", "{50D867EC-9C69-4802-8321-9B941596F3C0}"
EndProject
Project("{9A19103F-16F7-4668-BE54-9A1E7A4F7556}") = "CrossCutting.SearchFilters", "InfrastructureLayer\CrossCutting.SearchFilters\CrossCutting.SearchFilters.csproj", "{0B69DFBF-60AA-432B-8B51-F26991BD5105}"
EndProject
Project("{FAE04EC0-301F-11D3-BF4B-00C04F79EFBC}") = "CrossCutting.Typewriter", "InfrastructureLayer\CrossCutting.Typewriter\CrossCutting.Typewriter.csproj", "{F23E2855-AED5-4DD6-9FE4-9F8D3FEBDCD0}"
EndProject
Project("{9A19103F-16F7-4668-BE54-9A1E7A4F7556}") = "CrossCutting.TypewriterCore", "InfrastructureLayer\CrossCutting.TypewriterCore\CrossCutting.TypewriterCore.csproj", "{B18E43CC-1F75-4ED1-879F-66D21C1E40A0}"
EndProject
Project("{9A19103F-16F7-4668-BE54-9A1E7A4F7556}") = "CrossCutting.Web", "InfrastructureLayer\CrossCutting.Web\CrossCutting.Web.csproj", "{AC3860D5-06E5-4D7F-8AEA-4DAFB9AF53F9}"
EndProject
Project("{9A19103F-16F7-4668-BE54-9A1E7A4F7556}") = "Api.Core", "ServiceLayer\Api.Core\Api.Core.csproj", "{80F6B2D1-9EFF-45F6-AC3A-5AD824FAFBAE}"
EndProject
Project("{9A19103F-16F7-4668-BE54-9A1E7A4F7556}") = "Data.TransferObjects", "ApplicationLayer\DataTransferObjects\Data.TransferObjects.csproj", "{D77DDFFF-5EFC-4161-917A-F36A6462DE15}"
EndProject
Project("{9A19103F-16F7-4668-BE54-9A1E7A4F7556}") = "CrossCutting.Security", "InfrastructureLayer\CrossCutting.Security\CrossCutting.Security.csproj", "{CA71BF1B-D5BE-400B-9A67-77B0A2185C2D}"
EndProject
Global
	GlobalSection(SolutionConfigurationPlatforms) = preSolution
		Debug|Any CPU = Debug|Any CPU
		QA|Any CPU = QA|Any CPU
		Release|Any CPU = Release|Any CPU
	EndGlobalSection
	GlobalSection(ProjectConfigurationPlatforms) = postSolution
		{E7CF3A99-F077-45FE-9BEB-ECB063ACF70A}.Debug|Any CPU.ActiveCfg = Debug|Any CPU
		{E7CF3A99-F077-45FE-9BEB-ECB063ACF70A}.Debug|Any CPU.Build.0 = Debug|Any CPU
		{E7CF3A99-F077-45FE-9BEB-ECB063ACF70A}.QA|Any CPU.ActiveCfg = QA|Any CPU
		{E7CF3A99-F077-45FE-9BEB-ECB063ACF70A}.QA|Any CPU.Build.0 = QA|Any CPU
		{E7CF3A99-F077-45FE-9BEB-ECB063ACF70A}.Release|Any CPU.ActiveCfg = Release|Any CPU
		{E7CF3A99-F077-45FE-9BEB-ECB063ACF70A}.Release|Any CPU.Build.0 = Release|Any CPU
		{9D720D7C-9C26-43F3-85A4-3086F823F4F9}.Debug|Any CPU.ActiveCfg = Debug|Any CPU
		{9D720D7C-9C26-43F3-85A4-3086F823F4F9}.Debug|Any CPU.Build.0 = Debug|Any CPU
		{9D720D7C-9C26-43F3-85A4-3086F823F4F9}.QA|Any CPU.ActiveCfg = QA|Any CPU
		{9D720D7C-9C26-43F3-85A4-3086F823F4F9}.QA|Any CPU.Build.0 = QA|Any CPU
		{9D720D7C-9C26-43F3-85A4-3086F823F4F9}.Release|Any CPU.ActiveCfg = Release|Any CPU
		{9D720D7C-9C26-43F3-85A4-3086F823F4F9}.Release|Any CPU.Build.0 = Release|Any CPU
		{DFA1078B-4937-44F3-A4F7-B1E6EB6F2D7E}.Debug|Any CPU.ActiveCfg = Debug|Any CPU
		{DFA1078B-4937-44F3-A4F7-B1E6EB6F2D7E}.Debug|Any CPU.Build.0 = Debug|Any CPU
		{DFA1078B-4937-44F3-A4F7-B1E6EB6F2D7E}.QA|Any CPU.ActiveCfg = QA|Any CPU
		{DFA1078B-4937-44F3-A4F7-B1E6EB6F2D7E}.QA|Any CPU.Build.0 = QA|Any CPU
		{DFA1078B-4937-44F3-A4F7-B1E6EB6F2D7E}.Release|Any CPU.ActiveCfg = Release|Any CPU
		{DFA1078B-4937-44F3-A4F7-B1E6EB6F2D7E}.Release|Any CPU.Build.0 = Release|Any CPU
		{68167CC6-2FB5-4186-A4D7-D9F60AB2B68A}.Debug|Any CPU.ActiveCfg = Debug|Any CPU
		{68167CC6-2FB5-4186-A4D7-D9F60AB2B68A}.Debug|Any CPU.Build.0 = Debug|Any CPU
		{68167CC6-2FB5-4186-A4D7-D9F60AB2B68A}.QA|Any CPU.ActiveCfg = QA|Any CPU
		{68167CC6-2FB5-4186-A4D7-D9F60AB2B68A}.QA|Any CPU.Build.0 = QA|Any CPU
		{68167CC6-2FB5-4186-A4D7-D9F60AB2B68A}.Release|Any CPU.ActiveCfg = Release|Any CPU
		{68167CC6-2FB5-4186-A4D7-D9F60AB2B68A}.Release|Any CPU.Build.0 = Release|Any CPU
		{50D867EC-9C69-4802-8321-9B941596F3C0}.Debug|Any CPU.ActiveCfg = Debug|Any CPU
		{50D867EC-9C69-4802-8321-9B941596F3C0}.Debug|Any CPU.Build.0 = Debug|Any CPU
		{50D867EC-9C69-4802-8321-9B941596F3C0}.QA|Any CPU.ActiveCfg = QA|Any CPU
		{50D867EC-9C69-4802-8321-9B941596F3C0}.QA|Any CPU.Build.0 = QA|Any CPU
		{50D867EC-9C69-4802-8321-9B941596F3C0}.Release|Any CPU.ActiveCfg = Release|Any CPU
		{50D867EC-9C69-4802-8321-9B941596F3C0}.Release|Any CPU.Build.0 = Release|Any CPU
		{0B69DFBF-60AA-432B-8B51-F26991BD5105}.Debug|Any CPU.ActiveCfg = Debug|Any CPU
		{0B69DFBF-60AA-432B-8B51-F26991BD5105}.Debug|Any CPU.Build.0 = Debug|Any CPU
		{0B69DFBF-60AA-432B-8B51-F26991BD5105}.QA|Any CPU.ActiveCfg = QA|Any CPU
		{0B69DFBF-60AA-432B-8B51-F26991BD5105}.QA|Any CPU.Build.0 = QA|Any CPU
		{0B69DFBF-60AA-432B-8B51-F26991BD5105}.Release|Any CPU.ActiveCfg = Release|Any CPU
		{0B69DFBF-60AA-432B-8B51-F26991BD5105}.Release|Any CPU.Build.0 = Release|Any CPU
		{F23E2855-AED5-4DD6-9FE4-9F8D3FEBDCD0}.Debug|Any CPU.ActiveCfg = Debug|Any CPU
		{F23E2855-AED5-4DD6-9FE4-9F8D3FEBDCD0}.Debug|Any CPU.Build.0 = Debug|Any CPU
		{F23E2855-AED5-4DD6-9FE4-9F8D3FEBDCD0}.QA|Any CPU.ActiveCfg = Release|Any CPU
		{F23E2855-AED5-4DD6-9FE4-9F8D3FEBDCD0}.QA|Any CPU.Build.0 = Release|Any CPU
		{F23E2855-AED5-4DD6-9FE4-9F8D3FEBDCD0}.Release|Any CPU.ActiveCfg = Release|Any CPU
		{F23E2855-AED5-4DD6-9FE4-9F8D3FEBDCD0}.Release|Any CPU.Build.0 = Release|Any CPU
		{B18E43CC-1F75-4ED1-879F-66D21C1E40A0}.Debug|Any CPU.ActiveCfg = Debug|Any CPU
		{B18E43CC-1F75-4ED1-879F-66D21C1E40A0}.Debug|Any CPU.Build.0 = Debug|Any CPU
		{B18E43CC-1F75-4ED1-879F-66D21C1E40A0}.QA|Any CPU.ActiveCfg = QA|Any CPU
		{B18E43CC-1F75-4ED1-879F-66D21C1E40A0}.QA|Any CPU.Build.0 = QA|Any CPU
		{B18E43CC-1F75-4ED1-879F-66D21C1E40A0}.Release|Any CPU.ActiveCfg = Release|Any CPU
		{B18E43CC-1F75-4ED1-879F-66D21C1E40A0}.Release|Any CPU.Build.0 = Release|Any CPU
		{AC3860D5-06E5-4D7F-8AEA-4DAFB9AF53F9}.Debug|Any CPU.ActiveCfg = Debug|Any CPU
		{AC3860D5-06E5-4D7F-8AEA-4DAFB9AF53F9}.Debug|Any CPU.Build.0 = Debug|Any CPU
		{AC3860D5-06E5-4D7F-8AEA-4DAFB9AF53F9}.QA|Any CPU.ActiveCfg = QA|Any CPU
		{AC3860D5-06E5-4D7F-8AEA-4DAFB9AF53F9}.QA|Any CPU.Build.0 = QA|Any CPU
		{AC3860D5-06E5-4D7F-8AEA-4DAFB9AF53F9}.Release|Any CPU.ActiveCfg = Release|Any CPU
		{AC3860D5-06E5-4D7F-8AEA-4DAFB9AF53F9}.Release|Any CPU.Build.0 = Release|Any CPU
		{80F6B2D1-9EFF-45F6-AC3A-5AD824FAFBAE}.Debug|Any CPU.ActiveCfg = Debug|Any CPU
		{80F6B2D1-9EFF-45F6-AC3A-5AD824FAFBAE}.Debug|Any CPU.Build.0 = Debug|Any CPU
		{80F6B2D1-9EFF-45F6-AC3A-5AD824FAFBAE}.QA|Any CPU.ActiveCfg = Debug|Any CPU
		{80F6B2D1-9EFF-45F6-AC3A-5AD824FAFBAE}.QA|Any CPU.Build.0 = Debug|Any CPU
		{80F6B2D1-9EFF-45F6-AC3A-5AD824FAFBAE}.Release|Any CPU.ActiveCfg = Release|Any CPU
		{80F6B2D1-9EFF-45F6-AC3A-5AD824FAFBAE}.Release|Any CPU.Build.0 = Release|Any CPU
		{D77DDFFF-5EFC-4161-917A-F36A6462DE15}.Debug|Any CPU.ActiveCfg = Debug|Any CPU
		{D77DDFFF-5EFC-4161-917A-F36A6462DE15}.Debug|Any CPU.Build.0 = Debug|Any CPU
		{D77DDFFF-5EFC-4161-917A-F36A6462DE15}.QA|Any CPU.ActiveCfg = QA|Any CPU
		{D77DDFFF-5EFC-4161-917A-F36A6462DE15}.QA|Any CPU.Build.0 = QA|Any CPU
		{D77DDFFF-5EFC-4161-917A-F36A6462DE15}.Release|Any CPU.ActiveCfg = Release|Any CPU
		{D77DDFFF-5EFC-4161-917A-F36A6462DE15}.Release|Any CPU.Build.0 = Release|Any CPU
		{CA71BF1B-D5BE-400B-9A67-77B0A2185C2D}.Debug|Any CPU.ActiveCfg = Debug|Any CPU
		{CA71BF1B-D5BE-400B-9A67-77B0A2185C2D}.Debug|Any CPU.Build.0 = Debug|Any CPU
		{CA71BF1B-D5BE-400B-9A67-77B0A2185C2D}.QA|Any CPU.ActiveCfg = Debug|Any CPU
		{CA71BF1B-D5BE-400B-9A67-77B0A2185C2D}.QA|Any CPU.Build.0 = Debug|Any CPU
		{CA71BF1B-D5BE-400B-9A67-77B0A2185C2D}.Release|Any CPU.ActiveCfg = Release|Any CPU
		{CA71BF1B-D5BE-400B-9A67-77B0A2185C2D}.Release|Any CPU.Build.0 = Release|Any CPU
	EndGlobalSection
	GlobalSection(SolutionProperties) = preSolution
		HideSolutionNode = FALSE
	EndGlobalSection
	GlobalSection(NestedProjects) = preSolution
		{E7CF3A99-F077-45FE-9BEB-ECB063ACF70A} = {09D0E130-A498-4D5C-BD53-076932510B53}
		{9D720D7C-9C26-43F3-85A4-3086F823F4F9} = {CA93EC07-3657-42E2-A6A7-45EA67BAF277}
		{DFA1078B-4937-44F3-A4F7-B1E6EB6F2D7E} = {FFD19FF5-4337-4797-AACE-5992DDD13FE6}
		{68167CC6-2FB5-4186-A4D7-D9F60AB2B68A} = {535C7D88-9BA1-43C1-967E-5CEBD43E45D9}
		{50D867EC-9C69-4802-8321-9B941596F3C0} = {535C7D88-9BA1-43C1-967E-5CEBD43E45D9}
		{0B69DFBF-60AA-432B-8B51-F26991BD5105} = {535C7D88-9BA1-43C1-967E-5CEBD43E45D9}
		{F23E2855-AED5-4DD6-9FE4-9F8D3FEBDCD0} = {535C7D88-9BA1-43C1-967E-5CEBD43E45D9}
		{B18E43CC-1F75-4ED1-879F-66D21C1E40A0} = {535C7D88-9BA1-43C1-967E-5CEBD43E45D9}
		{AC3860D5-06E5-4D7F-8AEA-4DAFB9AF53F9} = {535C7D88-9BA1-43C1-967E-5CEBD43E45D9}
		{80F6B2D1-9EFF-45F6-AC3A-5AD824FAFBAE} = {4944D964-A037-4288-B216-DED526B1F837}
		{D77DDFFF-5EFC-4161-917A-F36A6462DE15} = {09D0E130-A498-4D5C-BD53-076932510B53}
		{CA71BF1B-D5BE-400B-9A67-77B0A2185C2D} = {535C7D88-9BA1-43C1-967E-5CEBD43E45D9}
	EndGlobalSection
	GlobalSection(ExtensibilityGlobals) = postSolution
		SolutionGuid = {A9DFEF16-3AA7-42D8-A0A9-9A75AEA34672}
	EndGlobalSection
EndGlobal
